
Microsoft Visual Studio Solution File, Format Version 12.00
# Visual Studio Version 17
VisualStudioVersion = 17.14.36414.22 d17.14
MinimumVisualStudioVersion = 10.0.40219.1
Project("{FAE04EC0-301F-11D3-BF4B-00C04F79EFBC}") = "Redis", "Redis\Redis.csproj", "{0E7A518E-641C-4F6F-B574-912F3A37E4EF}"
EndProject
Project("{FAE04EC0-301F-11D3-BF4B-00C04F79EFBC}") = "Redis.Test", "Redis.Test\Redis.Test.csproj", "{70FB4236-46D6-4C30-B86A-B283E92C75B8}"
EndProject
Global
	GlobalSection(SolutionConfigurationPlatforms) = preSolution
		Debug|Any CPU = Debug|Any CPU
		Release|Any CPU = Release|Any CPU
	EndGlobalSection
	GlobalSection(ProjectConfigurationPlatforms) = postSolution
		{0E7A518E-641C-4F6F-B574-912F3A37E4EF}.Debug|Any CPU.ActiveCfg = Debug|Any CPU
		{0E7A518E-641C-4F6F-B574-912F3A37E4EF}.Debug|Any CPU.Build.0 = Debug|Any CPU
		{0E7A518E-641C-4F6F-B574-912F3A37E4EF}.Release|Any CPU.ActiveCfg = Release|Any CPU
		{0E7A518E-641C-4F6F-B574-912F3A37E4EF}.Release|Any CPU.Build.0 = Release|Any CPU
		{70FB4236-46D6-4C30-B86A-B283E92C75B8}.Debug|Any CPU.ActiveCfg = Debug|Any CPU
		{70FB4236-46D6-4C30-B86A-B283E92C75B8}.Debug|Any CPU.Build.0 = Debug|Any CPU
		{70FB4236-46D6-4C30-B86A-B283E92C75B8}.Release|Any CPU.ActiveCfg = Release|Any CPU
		{70FB4236-46D6-4C30-B86A-B283E92C75B8}.Release|Any CPU.Build.0 = Release|Any CPU
	EndGlobalSection
	GlobalSection(SolutionProperties) = preSolution
		HideSolutionNode = FALSE
	EndGlobalSection
	GlobalSection(ExtensibilityGlobals) = postSolution
		SolutionGuid = {7E7AE18C-843D-464B-8641-7633EC6563B2}
	EndGlobalSection
EndGlobal
